github.com/dgrijalva/jwt-go v3.2.0+incompatible h1:7qlOGliEKZXTDg6OTjfoBKDXWrumCAMpl/TFQ4/5kLM=
github.com/dgrijalva/jwt-go v3.2.0+incompatible/go.mod h1:E3ru+11k8xSBh+hMPgOLZmtrrCbhqsmaPHjLKYnJCaQ=
github.com/wit-ai/wit-go v1.0.12 h1:rOScExdkhGKjGf4mw3zMG2HhYBMtPC38osK2AUepmiM=
github.com/wit-ai/wit-go v1.0.12/go.mod h1:jDrjhSNjiMmrxoZwAIdE/oO+x/yabHgTqQcIFmqptNI=
